
Microsoft Visual Studio Solution File, Format Version 12.00
# Visual Studio Version 17
VisualStudioVersion = 17.9.34728.123
MinimumVisualStudioVersion = 10.0.40219.1
Project("{FAE04EC0-301F-11D3-BF4B-00C04F79EFBC}") = "TestDrivenDevelopmentApp", "TestDrivenDevelopmentApp\TestDrivenDevelopmentApp.csproj", "{6BB0BBB0-4E5A-4F39-A6B5-7E7E6492785D}"
EndProject
Project("{FAE04EC0-301F-11D3-BF4B-00C04F79EFBC}") = "TestDrivenDevelopment.Tests", "TestDrivenDevelopment.Tests\TestDrivenDevelopment.Tests.csproj", "{9F45E214-3095-4FDC-9058-836FFDD8A156}"
EndProject
Project("{E53339B2-1760-4266-BCC7-CA923CBCF16C}") = "docker-compose", "docker-compose.dcproj", "{2C4E84F6-D28B-43BF-A730-81FF3F4DD43D}"
EndProject
Global
	GlobalSection(SolutionConfigurationPlatforms) = preSolution
		Debug|Any CPU = Debug|Any CPU
		Release|Any CPU = Release|Any CPU
	EndGlobalSection
	GlobalSection(ProjectConfigurationPlatforms) = postSolution
		{6BB0BBB0-4E5A-4F39-A6B5-7E7E6492785D}.Debug|Any CPU.ActiveCfg = Debug|Any CPU
		{6BB0BBB0-4E5A-4F39-A6B5-7E7E6492785D}.Debug|Any CPU.Build.0 = Debug|Any CPU
		{6BB0BBB0-4E5A-4F39-A6B5-7E7E6492785D}.Release|Any CPU.ActiveCfg = Release|Any CPU
		{6BB0BBB0-4E5A-4F39-A6B5-7E7E6492785D}.Release|Any CPU.Build.0 = Release|Any CPU
		{9F45E214-3095-4FDC-9058-836FFDD8A156}.Debug|Any CPU.ActiveCfg = Debug|Any CPU
		{9F45E214-3095-4FDC-9058-836FFDD8A156}.Debug|Any CPU.Build.0 = Debug|Any CPU
		{9F45E214-3095-4FDC-9058-836FFDD8A156}.Release|Any CPU.ActiveCfg = Release|Any CPU
		{9F45E214-3095-4FDC-9058-836FFDD8A156}.Release|Any CPU.Build.0 = Release|Any CPU
		{2C4E84F6-D28B-43BF-A730-81FF3F4DD43D}.Debug|Any CPU.ActiveCfg = Debug|Any CPU
		{2C4E84F6-D28B-43BF-A730-81FF3F4DD43D}.Debug|Any CPU.Build.0 = Debug|Any CPU
		{2C4E84F6-D28B-43BF-A730-81FF3F4DD43D}.Release|Any CPU.ActiveCfg = Release|Any CPU
		{2C4E84F6-D28B-43BF-A730-81FF3F4DD43D}.Release|Any CPU.Build.0 = Release|Any CPU
	EndGlobalSection
	GlobalSection(SolutionProperties) = preSolution
		HideSolutionNode = FALSE
	EndGlobalSection
	GlobalSection(ExtensibilityGlobals) = postSolution
		SolutionGuid = {D4456B75-C212-4D58-BFF4-F76CA15A630F}
	EndGlobalSection
EndGlobal
